
Microsoft Visual Studio Solution File, Format Version 12.00
# Visual Studio Version 16
VisualStudioVersion = 16.0.30413.136
MinimumVisualStudioVersion = 10.0.40219.1
Project("{FAE04EC0-301F-11D3-BF4B-00C04F79EFBC}") = "CH01_01.CustomTypes", "CH01_01.CustomTypes\CH01_01.CustomTypes.csproj", "{2B274AAA-2C98-4EE2-ACAA-56466EF61CDF}"
EndProject
Project("{FAE04EC0-301F-11D3-BF4B-00C04F79EFBC}") = "CH01_02.DependencyProperties", "CH01_02.DependencyProperties\CH01_02.DependencyProperties.csproj", "{B7E1E6E2-993F-4643-B230-C3E0391CA194}"
EndProject
Project("{FAE04EC0-301F-11D3-BF4B-00C04F79EFBC}") = "CH01_03.SimpleAttached", "CH01_03.SimpleAttached\CH01_03.SimpleAttached.csproj", "{2B999BF5-1D62-45AC-B2FB-12BD531DC601}"
EndProject
Project("{FAE04EC0-301F-11D3-BF4B-00C04F79EFBC}") = "CH01_04.CustomAttached", "CH01_04.CustomAttached\CH01_04.CustomAttached.csproj", "{B6691F82-D2AD-41CE-9CA7-E9AEEDBBF21A}"
EndProject
Project("{FAE04EC0-301F-11D3-BF4B-00C04F79EFBC}") = "CH01_05.StaticProperties", "CH01_05.StaticProperties\CH01_05.StaticProperties.csproj", "{1A0EA7A3-49E1-44AD-8310-21C14ACA076D}"
EndProject
Project("{FAE04EC0-301F-11D3-BF4B-00C04F79EFBC}") = "CH01_06.TestRandom", "CH01_06.CustomMarkupExtension\CH01_06.TestRandom.csproj", "{C15BC579-F84D-4DDF-8B2A-3DDEEAE92E40}"
EndProject
Project("{9A19103F-16F7-4668-BE54-9A1E7A4F7556}") = "CH01_06.CustomMarkupExtensionLib", "CH01_06.CustomerMarkupExtensionLib\CH01_06.CustomMarkupExtensionLib.csproj", "{5BFAAE0A-A57D-4EAE-8D95-A93743FB8163}"
EndProject
Project("{FAE04EC0-301F-11D3-BF4B-00C04F79EFBC}") = "CH01_07.SimpleDraw", "CH01_07.SimpleDraw\CH01_07.SimpleDraw.csproj", "{4DB7371C-4D8D-479F-8A64-5CCB2B648298}"
EndProject
Project("{FAE04EC0-301F-11D3-BF4B-00C04F79EFBC}") = "CH02_01.SimpleResources", "CH02_01.SimpleResources\CH02_01.SimpleResources.csproj", "{E0B8E873-4AA5-48BC-A2AD-9C98237ECE2A}"
EndProject
Project("{FAE04EC0-301F-11D3-BF4B-00C04F79EFBC}") = "CH02_02.DynamicVsStatic", "CH02_02.DynamicVsStatic\CH02_02.DynamicVsStatic.csproj", "{44079C13-AC88-4165-AB3C-56B160F32D54}"
EndProject
Project("{FAE04EC0-301F-11D3-BF4B-00C04F79EFBC}") = "CH02_03.UserSelectedColorsFonts", "CH02_03.UserSelectedColorsFonts\CH02_03.UserSelectedColorsFonts.csproj", "{690F8906-0C3B-4C0A-9072-5B7888424A0F}"
EndProject
Project("{FAE04EC0-301F-11D3-BF4B-00C04F79EFBC}") = "CH02_04.BinaryResources", "CH02_04.BinaryResources\CH02_04.BinaryResources.csproj", "{F6810CF6-1EFE-449B-86A1-70DC5E9FACBC}"
EndProject
Project("{FAE04EC0-301F-11D3-BF4B-00C04F79EFBC}") = "CH02_05.BinaryResourcesInCode", "CH02_05.BinaryResourcesInCode\CH02_05.BinaryResourcesInCode.csproj", "{FFB61096-8D3A-4B79-9DF4-4735D6574D86}"
EndProject
Project("{FAE04EC0-301F-11D3-BF4B-00C04F79EFBC}") = "CH02_06.ClassLibraryResources", "CH02_06.ClassLibraryResources\CH02_06.ClassLibraryResources.csproj", "{65B7672A-737D-4561-8C38-B2E766BFDD2F}"
EndProject
Project("{FAE04EC0-301F-11D3-BF4B-00C04F79EFBC}") = "CH02_06.UsingLibraryResources", "CH02_06.UsingLibraryResources\CH02_06.UsingLibraryResources.csproj", "{F18944B2-974B-4F14-B18E-4B95527A54A6}"
EndProject
Project("{FAE04EC0-301F-11D3-BF4B-00C04F79EFBC}") = "CH02_07.ManagingResources", "CH02_07.ManagingResources\CH02_07.ManagingResources.csproj", "{6D989638-BCC8-41FA-B04D-51F181711F4B}"
EndProject
Project("{FAE04EC0-301F-11D3-BF4B-00C04F79EFBC}") = "CH03_01.GridDemo", "CH03_01.GridDemo\CH03_01.GridDemo.csproj", "{DDFBFEA5-73F7-4BEC-BEDA-A7232B714A1A}"
EndProject
Project("{FAE04EC0-301F-11D3-BF4B-00C04F79EFBC}") = "CH03_02.DynamicGridSizing", "CH03_02.DynamicGridSizing\CH03_02.DynamicGridSizing.csproj", "{BED23313-3059-413A-B4B3-F7943A58BD86}"
EndProject
Project("{FAE04EC0-301F-11D3-BF4B-00C04F79EFBC}") = "CH03_03.ScrollDemo", "CH03_03.ScrollDemo\CH03_03.ScrollDemo.csproj", "{7975EA57-95BF-44D4-A1F7-D516C6D127DC}"
EndProject
Project("{FAE04EC0-301F-11D3-BF4B-00C04F79EFBC}") = "CH03_04.BorderDemo", "CH03_04.BorderDemo\CH03_04.BorderDemo.csproj", "{48F23711-8671-40ED-A15C-A769E3B90CE8}"
EndProject
Project("{FAE04EC0-301F-11D3-BF4B-00C04F79EFBC}") = "CH03_05.CanvasDemo", "CH03_05.CanvasDemo\CH03_05.CanvasDemo.csproj", "{C3205884-6DBF-4AEB-B554-9CE775E2E096}"
EndProject
Project("{FAE04EC0-301F-11D3-BF4B-00C04F79EFBC}") = "CH03_06.PaintingCircles", "CH03_06.PaintingCircles\CH03_06.PaintingCircles.csproj", "{3756115D-4DE1-47E0-A544-A2BC5E568E26}"
EndProject
Project("{FAE04EC0-301F-11D3-BF4B-00C04F79EFBC}") = "CH03_07.SimpleTabs", "CH03_07.SimpleTabs\CH03_07.SimpleTabs.csproj", "{BF83F3B3-F230-4E16-9C61-17486B85C776}"
EndProject
Project("{FAE04EC0-301F-11D3-BF4B-00C04F79EFBC}") = "CH03_08.SimpleDragDrop", "CH03_08.SimpleDragDrop\CH03_08.SimpleDragDrop.csproj", "{CEA5CD32-7CB1-4400-B94D-1F50A6597ADF}"
EndProject
Project("{FAE04EC0-301F-11D3-BF4B-00C04F79EFBC}") = "CH04_01.TextControls", "CH04_01.TextControls\CH04_01.TextControls.csproj", "{FD9419C7-B008-4C69-B0F7-BA2A6044063B}"
EndProject
Project("{FAE04EC0-301F-11D3-BF4B-00C04F79EFBC}") = "CH04_02.ContentControls", "CH04_02.ContentControls\CH04_02.ContentControls.csproj", "{8315DD39-6557-4C48-B77A-317337F1C7A5}"
EndProject
Project("{FAE04EC0-301F-11D3-BF4B-00C04F79EFBC}") = "CH04_03.Images", "CH04_03.Images\CH04_03.Images.csproj", "{A8B6AFD0-C99E-426C-AEB2-2A65E3351AC1}"
EndProject
Project("{FAE04EC0-301F-11D3-BF4B-00C04F79EFBC}") = "CH04_04.ToolTips", "CH04_04.ToolTips\CH04_04.ToolTips.csproj", "{73A3B7D8-3BAC-40B3-91FD-DDD7E9E6510A}"
EndProject
Project("{FAE04EC0-301F-11D3-BF4B-00C04F79EFBC}") = "CH04_05.Lists", "CH04_05.Lists\CH04_05.Lists.csproj", "{233D029D-AD4B-4C29-9785-EFB01380258D}"
EndProject
Project("{FAE04EC0-301F-11D3-BF4B-00C04F79EFBC}") = "CH04_06.Menus", "CH04_06.Menus\CH04_06.Menus.csproj", "{FC960727-716F-4E23-BD36-0B3CD52B1965}"
EndProject
Project("{FAE04EC0-301F-11D3-BF4B-00C04F79EFBC}") = "CH04_07.SelectingOptions", "CH04_07.SelectingOptions\CH04_07.SelectingOptions.csproj", "{2540377F-A3C1-4D35-B7C4-2C7F2D4F4113}"
EndProject
Project("{FAE04EC0-301F-11D3-BF4B-00C04F79EFBC}") = "CH04_08.TabAndFocus", "CH04_08.TabAndFocus\CH04_08.TabAndFocus.csproj", "{C37CC963-8C94-4159-AC85-48FE9A01EE84}"
EndProject
Project("{FAE04EC0-301F-11D3-BF4B-00C04F79EFBC}") = "CH05_01.NewWindows", "CH05_01.NewWindows\CH05_01.NewWindows.csproj", "{583D41E9-4B69-4E7E-A9FD-237DB325A823}"
EndProject
Project("{FAE04EC0-301F-11D3-BF4B-00C04F79EFBC}") = "CH05_02.Dialogs", "CH05_02.Dialogs\CH05_02.Dialogs.csproj", "{3C614313-B953-41FF-B7BD-109A68ED81F7}"
EndProject
Project("{FAE04EC0-301F-11D3-BF4B-00C04F79EFBC}") = "CH05_03.CommonDialogs", "CH05_03.CommonDialogs\CH05_03.CommonDialogs.csproj", "{B263540C-852C-43A8-9C21-205F5D8D7F9C}"
EndProject
Project("{FAE04EC0-301F-11D3-BF4B-00C04F79EFBC}") = "CH05_04.OwnerWindows", "CH05_04.OwnerWindows\CH05_04.OwnerWindows.csproj", "{CE7793DD-46DC-4AA5-80A1-4FFE29BF60C2}"
EndProject
Project("{FAE04EC0-301F-11D3-BF4B-00C04F79EFBC}") = "CH05_05.CustomShapeWindow", "CH05_05.CustomShapeWindow\CH05_05.CustomShapeWindow.csproj", "{B21ADCA3-AF15-4ABF-980D-F364B2364996}"
EndProject
Project("{FAE04EC0-301F-11D3-BF4B-00C04F79EFBC}") = "CH05_07.UnhandledExceptions", "CH05_07.UnhandledExceptions\CH05_07.UnhandledExceptions.csproj", "{F185CE09-FD3A-4848-A9C4-0FC9941A735C}"
EndProject
Project("{FAE04EC0-301F-11D3-BF4B-00C04F79EFBC}") = "CH06_01.ElementToElementBindings", "CH06_01.ElementToElementBindings\CH06_01.ElementToElementBindings.csproj", "{9AB8229A-7889-4ADA-B0D4-159F0827DDBE}"
EndProject
Project("{FAE04EC0-301F-11D3-BF4B-00C04F79EFBC}") = "CH06_02.SingleObjectBinding", "CH06_02.SingleObjectBinding\CH06_02.SingleObjectBinding.csproj", "{BB4BE1FB-8CB5-4617-A31A-96555B5278F9}"
EndProject
Project("{FAE04EC0-301F-11D3-BF4B-00C04F79EFBC}") = "CH06_03.BindingToCollection", "CH06_03.BindingToCollection\CH06_03.BindingToCollection.csproj", "{2CB432FA-F746-4D9F-A59E-EE9551981D90}"
EndProject
Project("{FAE04EC0-301F-11D3-BF4B-00C04F79EFBC}") = "CH06_04.DataTemplates", "CH06_04.DataTemplates\CH06_04.DataTemplates.csproj", "{0EA4F68A-5C43-4DED-BA11-0E5668E5B705}"
EndProject
Project("{FAE04EC0-301F-11D3-BF4B-00C04F79EFBC}") = "CH06_05.WheaterForecast", "CH06_05.WheaterForecast\CH06_05.WheaterForecast.csproj", "{FCB945AE-61B6-4D3B-B100-BB3BE3BCE4BE}"
EndProject
Project("{FAE04EC0-301F-11D3-BF4B-00C04F79EFBC}") = "CH06_06.MasterDetail", "CH06_06.MasterDetail\CH06_06.MasterDetail.csproj", "{4715B87F-EBAB-4A8A-9B2C-ED226752321E}"
EndProject
Project("{FAE04EC0-301F-11D3-BF4B-00C04F79EFBC}") = "CH06_07.SortingAndFiltering", "CH06_07.SortingAndFiltering\CH06_07.SortingAndFiltering.csproj", "{2C2E96FF-BAA6-40AE-87B4-A2FD8213691F}"
EndProject
Project("{FAE04EC0-301F-11D3-BF4B-00C04F79EFBC}") = "CH06_08.GroupingData", "CH06_08.Grouping Data\CH06_08.GroupingData.csproj", "{EBB027D9-C7FF-4E76-A1B7-3819C044DD3C}"
EndProject
Project("{FAE04EC0-301F-11D3-BF4B-00C04F79EFBC}") = "CH06_09.MultiBindings", "CH06_09.MultiBindings\CH06_09.MultiBindings.csproj", "{74593A4A-3074-4BDA-ADB0-A8B9F1F5B74B}"
EndProject
Project("{FAE04EC0-301F-11D3-BF4B-00C04F79EFBC}") = "CH06_10.TreeViewBinding", "CH06_10.TreeViewBinding\CH06_10.TreeViewBinding.csproj", "{2079EEAD-E561-4EFB-B47F-089878FAFAED}"
EndProject
Project("{FAE04EC0-301F-11D3-BF4B-00C04F79EFBC}") = "CH06_11.DataGridDemo", "CH06_11.DataGridDemo\CH06_11.DataGridDemo.csproj", "{A96BD5C7-76E2-404E-8C55-36FEF262FE56}"
EndProject
Project("{FAE04EC0-301F-11D3-BF4B-00C04F79EFBC}") = "CH06_12.ValidatingData", "CH06_12.ValidatingData\CH06_12.ValidatingData.csproj", "{C681659B-C012-4380-8114-3050F95E5FC4}"
EndProject
Project("{FAE04EC0-301F-11D3-BF4B-00C04F79EFBC}") = "CH07_01.RoutedCommands", "CH07_01.RoutedCommands\CH07_01.RoutedCommands.csproj", "{F18469DB-7972-45C8-8A3E-5BFDAA8AA888}"
EndProject
Project("{FAE04EC0-301F-11D3-BF4B-00C04F79EFBC}") = "CH07_02.MVVM", "CH07_02.MVVM\CH07_02.MVVM.csproj", "{BEB070A7-D38C-43F0-93EA-ED1C2980E8B3}"
EndProject
Project("{FAE04EC0-301F-11D3-BF4B-00C04F79EFBC}") = "CH07_03.CookbookMVVM", "CH07_03.CookbookMVVM\CH07_03.CookbookMVVM.csproj", "{D85DAC0A-4A15-4DF3-A6C8-9DC722DD43BE}"
EndProject
Project("{FAE04EC0-301F-11D3-BF4B-00C04F79EFBC}") = "CH07-04.CookbookFramework", "CH07-04.CookbookFramework\CH07-04.CookbookFramework.csproj", "{97269F3E-0262-4CC9-B81E-7D238C3304A1}"
EndProject
Global
	GlobalSection(SolutionConfigurationPlatforms) = preSolution
		Debug|Any CPU = Debug|Any CPU
		Release|Any CPU = Release|Any CPU
	EndGlobalSection
	GlobalSection(ProjectConfigurationPlatforms) = postSolution
		{2B274AAA-2C98-4EE2-ACAA-56466EF61CDF}.Debug|Any CPU.ActiveCfg = Debug|Any CPU
		{2B274AAA-2C98-4EE2-ACAA-56466EF61CDF}.Debug|Any CPU.Build.0 = Debug|Any CPU
		{2B274AAA-2C98-4EE2-ACAA-56466EF61CDF}.Release|Any CPU.ActiveCfg = Release|Any CPU
		{2B274AAA-2C98-4EE2-ACAA-56466EF61CDF}.Release|Any CPU.Build.0 = Release|Any CPU
		{B7E1E6E2-993F-4643-B230-C3E0391CA194}.Debug|Any CPU.ActiveCfg = Debug|Any CPU
		{B7E1E6E2-993F-4643-B230-C3E0391CA194}.Debug|Any CPU.Build.0 = Debug|Any CPU
		{B7E1E6E2-993F-4643-B230-C3E0391CA194}.Release|Any CPU.ActiveCfg = Release|Any CPU
		{B7E1E6E2-993F-4643-B230-C3E0391CA194}.Release|Any CPU.Build.0 = Release|Any CPU
		{2B999BF5-1D62-45AC-B2FB-12BD531DC601}.Debug|Any CPU.ActiveCfg = Debug|Any CPU
		{2B999BF5-1D62-45AC-B2FB-12BD531DC601}.Debug|Any CPU.Build.0 = Debug|Any CPU
		{2B999BF5-1D62-45AC-B2FB-12BD531DC601}.Release|Any CPU.ActiveCfg = Release|Any CPU
		{2B999BF5-1D62-45AC-B2FB-12BD531DC601}.Release|Any CPU.Build.0 = Release|Any CPU
		{B6691F82-D2AD-41CE-9CA7-E9AEEDBBF21A}.Debug|Any CPU.ActiveCfg = Debug|Any CPU
		{B6691F82-D2AD-41CE-9CA7-E9AEEDBBF21A}.Debug|Any CPU.Build.0 = Debug|Any CPU
		{B6691F82-D2AD-41CE-9CA7-E9AEEDBBF21A}.Release|Any CPU.ActiveCfg = Release|Any CPU
		{B6691F82-D2AD-41CE-9CA7-E9AEEDBBF21A}.Release|Any CPU.Build.0 = Release|Any CPU
		{1A0EA7A3-49E1-44AD-8310-21C14ACA076D}.Debug|Any CPU.ActiveCfg = Debug|Any CPU
		{1A0EA7A3-49E1-44AD-8310-21C14ACA076D}.Debug|Any CPU.Build.0 = Debug|Any CPU
		{1A0EA7A3-49E1-44AD-8310-21C14ACA076D}.Release|Any CPU.ActiveCfg = Release|Any CPU
		{1A0EA7A3-49E1-44AD-8310-21C14ACA076D}.Release|Any CPU.Build.0 = Release|Any CPU
		{C15BC579-F84D-4DDF-8B2A-3DDEEAE92E40}.Debug|Any CPU.ActiveCfg = Debug|Any CPU
		{C15BC579-F84D-4DDF-8B2A-3DDEEAE92E40}.Debug|Any CPU.Build.0 = Debug|Any CPU
		{C15BC579-F84D-4DDF-8B2A-3DDEEAE92E40}.Release|Any CPU.ActiveCfg = Release|Any CPU
		{C15BC579-F84D-4DDF-8B2A-3DDEEAE92E40}.Release|Any CPU.Build.0 = Release|Any CPU
		{5BFAAE0A-A57D-4EAE-8D95-A93743FB8163}.Debug|Any CPU.ActiveCfg = Debug|Any CPU
		{5BFAAE0A-A57D-4EAE-8D95-A93743FB8163}.Debug|Any CPU.Build.0 = Debug|Any CPU
		{5BFAAE0A-A57D-4EAE-8D95-A93743FB8163}.Release|Any CPU.ActiveCfg = Release|Any CPU
		{5BFAAE0A-A57D-4EAE-8D95-A93743FB8163}.Release|Any CPU.Build.0 = Release|Any CPU
		{4DB7371C-4D8D-479F-8A64-5CCB2B648298}.Debug|Any CPU.ActiveCfg = Debug|Any CPU
		{4DB7371C-4D8D-479F-8A64-5CCB2B648298}.Debug|Any CPU.Build.0 = Debug|Any CPU
		{4DB7371C-4D8D-479F-8A64-5CCB2B648298}.Release|Any CPU.ActiveCfg = Release|Any CPU
		{4DB7371C-4D8D-479F-8A64-5CCB2B648298}.Release|Any CPU.Build.0 = Release|Any CPU
		{E0B8E873-4AA5-48BC-A2AD-9C98237ECE2A}.Debug|Any CPU.ActiveCfg = Debug|Any CPU
		{E0B8E873-4AA5-48BC-A2AD-9C98237ECE2A}.Debug|Any CPU.Build.0 = Debug|Any CPU
		{E0B8E873-4AA5-48BC-A2AD-9C98237ECE2A}.Release|Any CPU.ActiveCfg = Release|Any CPU
		{E0B8E873-4AA5-48BC-A2AD-9C98237ECE2A}.Release|Any CPU.Build.0 = Release|Any CPU
		{44079C13-AC88-4165-AB3C-56B160F32D54}.Debug|Any CPU.ActiveCfg = Debug|Any CPU
		{44079C13-AC88-4165-AB3C-56B160F32D54}.Debug|Any CPU.Build.0 = Debug|Any CPU
		{44079C13-AC88-4165-AB3C-56B160F32D54}.Release|Any CPU.ActiveCfg = Release|Any CPU
		{44079C13-AC88-4165-AB3C-56B160F32D54}.Release|Any CPU.Build.0 = Release|Any CPU
		{690F8906-0C3B-4C0A-9072-5B7888424A0F}.Debug|Any CPU.ActiveCfg = Debug|Any CPU
		{690F8906-0C3B-4C0A-9072-5B7888424A0F}.Debug|Any CPU.Build.0 = Debug|Any CPU
		{690F8906-0C3B-4C0A-9072-5B7888424A0F}.Release|Any CPU.ActiveCfg = Release|Any CPU
		{690F8906-0C3B-4C0A-9072-5B7888424A0F}.Release|Any CPU.Build.0 = Release|Any CPU
		{F6810CF6-1EFE-449B-86A1-70DC5E9FACBC}.Debug|Any CPU.ActiveCfg = Debug|Any CPU
		{F6810CF6-1EFE-449B-86A1-70DC5E9FACBC}.Debug|Any CPU.Build.0 = Debug|Any CPU
		{F6810CF6-1EFE-449B-86A1-70DC5E9FACBC}.Release|Any CPU.ActiveCfg = Release|Any CPU
		{F6810CF6-1EFE-449B-86A1-70DC5E9FACBC}.Release|Any CPU.Build.0 = Release|Any CPU
		{FFB61096-8D3A-4B79-9DF4-4735D6574D86}.Debug|Any CPU.ActiveCfg = Debug|Any CPU
		{FFB61096-8D3A-4B79-9DF4-4735D6574D86}.Debug|Any CPU.Build.0 = Debug|Any CPU
		{FFB61096-8D3A-4B79-9DF4-4735D6574D86}.Release|Any CPU.ActiveCfg = Release|Any CPU
		{FFB61096-8D3A-4B79-9DF4-4735D6574D86}.Release|Any CPU.Build.0 = Release|Any CPU
		{65B7672A-737D-4561-8C38-B2E766BFDD2F}.Debug|Any CPU.ActiveCfg = Debug|Any CPU
		{65B7672A-737D-4561-8C38-B2E766BFDD2F}.Debug|Any CPU.Build.0 = Debug|Any CPU
		{65B7672A-737D-4561-8C38-B2E766BFDD2F}.Release|Any CPU.ActiveCfg = Release|Any CPU
		{65B7672A-737D-4561-8C38-B2E766BFDD2F}.Release|Any CPU.Build.0 = Release|Any CPU
		{F18944B2-974B-4F14-B18E-4B95527A54A6}.Debug|Any CPU.ActiveCfg = Debug|Any CPU
		{F18944B2-974B-4F14-B18E-4B95527A54A6}.Debug|Any CPU.Build.0 = Debug|Any CPU
		{F18944B2-974B-4F14-B18E-4B95527A54A6}.Release|Any CPU.ActiveCfg = Release|Any CPU
		{F18944B2-974B-4F14-B18E-4B95527A54A6}.Release|Any CPU.Build.0 = Release|Any CPU
		{6D989638-BCC8-41FA-B04D-51F181711F4B}.Debug|Any CPU.ActiveCfg = Debug|Any CPU
		{6D989638-BCC8-41FA-B04D-51F181711F4B}.Debug|Any CPU.Build.0 = Debug|Any CPU
		{6D989638-BCC8-41FA-B04D-51F181711F4B}.Release|Any CPU.ActiveCfg = Release|Any CPU
		{6D989638-BCC8-41FA-B04D-51F181711F4B}.Release|Any CPU.Build.0 = Release|Any CPU
		{DDFBFEA5-73F7-4BEC-BEDA-A7232B714A1A}.Debug|Any CPU.ActiveCfg = Debug|Any CPU
		{DDFBFEA5-73F7-4BEC-BEDA-A7232B714A1A}.Debug|Any CPU.Build.0 = Debug|Any CPU
		{DDFBFEA5-73F7-4BEC-BEDA-A7232B714A1A}.Release|Any CPU.ActiveCfg = Release|Any CPU
		{DDFBFEA5-73F7-4BEC-BEDA-A7232B714A1A}.Release|Any CPU.Build.0 = Release|Any CPU
		{BED23313-3059-413A-B4B3-F7943A58BD86}.Debug|Any CPU.ActiveCfg = Debug|Any CPU
		{BED23313-3059-413A-B4B3-F7943A58BD86}.Debug|Any CPU.Build.0 = Debug|Any CPU
		{BED23313-3059-413A-B4B3-F7943A58BD86}.Release|Any CPU.ActiveCfg = Release|Any CPU
		{BED23313-3059-413A-B4B3-F7943A58BD86}.Release|Any CPU.Build.0 = Release|Any CPU
		{7975EA57-95BF-44D4-A1F7-D516C6D127DC}.Debug|Any CPU.ActiveCfg = Debug|Any CPU
		{7975EA57-95BF-44D4-A1F7-D516C6D127DC}.Debug|Any CPU.Build.0 = Debug|Any CPU
		{7975EA57-95BF-44D4-A1F7-D516C6D127DC}.Release|Any CPU.ActiveCfg = Release|Any CPU
		{7975EA57-95BF-44D4-A1F7-D516C6D127DC}.Release|Any CPU.Build.0 = Release|Any CPU
		{48F23711-8671-40ED-A15C-A769E3B90CE8}.Debug|Any CPU.ActiveCfg = Debug|Any CPU
		{48F23711-8671-40ED-A15C-A769E3B90CE8}.Debug|Any CPU.Build.0 = Debug|Any CPU
		{48F23711-8671-40ED-A15C-A769E3B90CE8}.Release|Any CPU.ActiveCfg = Release|Any CPU
		{48F23711-8671-40ED-A15C-A769E3B90CE8}.Release|Any CPU.Build.0 = Release|Any CPU
		{C3205884-6DBF-4AEB-B554-9CE775E2E096}.Debug|Any CPU.ActiveCfg = Debug|Any CPU
		{C3205884-6DBF-4AEB-B554-9CE775E2E096}.Debug|Any CPU.Build.0 = Debug|Any CPU
		{C3205884-6DBF-4AEB-B554-9CE775E2E096}.Release|Any CPU.ActiveCfg = Release|Any CPU
		{C3205884-6DBF-4AEB-B554-9CE775E2E096}.Release|Any CPU.Build.0 = Release|Any CPU
		{3756115D-4DE1-47E0-A544-A2BC5E568E26}.Debug|Any CPU.ActiveCfg = Debug|Any CPU
		{3756115D-4DE1-47E0-A544-A2BC5E568E26}.Debug|Any CPU.Build.0 = Debug|Any CPU
		{3756115D-4DE1-47E0-A544-A2BC5E568E26}.Release|Any CPU.ActiveCfg = Release|Any CPU
		{3756115D-4DE1-47E0-A544-A2BC5E568E26}.Release|Any CPU.Build.0 = Release|Any CPU
		{BF83F3B3-F230-4E16-9C61-17486B85C776}.Debug|Any CPU.ActiveCfg = Debug|Any CPU
		{BF83F3B3-F230-4E16-9C61-17486B85C776}.Debug|Any CPU.Build.0 = Debug|Any CPU
		{BF83F3B3-F230-4E16-9C61-17486B85C776}.Release|Any CPU.ActiveCfg = Release|Any CPU
		{BF83F3B3-F230-4E16-9C61-17486B85C776}.Release|Any CPU.Build.0 = Release|Any CPU
		{CEA5CD32-7CB1-4400-B94D-1F50A6597ADF}.Debug|Any CPU.ActiveCfg = Debug|Any CPU
		{CEA5CD32-7CB1-4400-B94D-1F50A6597ADF}.Debug|Any CPU.Build.0 = Debug|Any CPU
		{CEA5CD32-7CB1-4400-B94D-1F50A6597ADF}.Release|Any CPU.ActiveCfg = Release|Any CPU
		{CEA5CD32-7CB1-4400-B94D-1F50A6597ADF}.Release|Any CPU.Build.0 = Release|Any CPU
		{FD9419C7-B008-4C69-B0F7-BA2A6044063B}.Debug|Any CPU.ActiveCfg = Debug|Any CPU
		{FD9419C7-B008-4C69-B0F7-BA2A6044063B}.Debug|Any CPU.Build.0 = Debug|Any CPU
		{FD9419C7-B008-4C69-B0F7-BA2A6044063B}.Release|Any CPU.ActiveCfg = Release|Any CPU
		{FD9419C7-B008-4C69-B0F7-BA2A6044063B}.Release|Any CPU.Build.0 = Release|Any CPU
		{8315DD39-6557-4C48-B77A-317337F1C7A5}.Debug|Any CPU.ActiveCfg = Debug|Any CPU
		{8315DD39-6557-4C48-B77A-317337F1C7A5}.Debug|Any CPU.Build.0 = Debug|Any CPU
		{8315DD39-6557-4C48-B77A-317337F1C7A5}.Release|Any CPU.ActiveCfg = Release|Any CPU
		{8315DD39-6557-4C48-B77A-317337F1C7A5}.Release|Any CPU.Build.0 = Release|Any CPU
		{A8B6AFD0-C99E-426C-AEB2-2A65E3351AC1}.Debug|Any CPU.ActiveCfg = Debug|Any CPU
		{A8B6AFD0-C99E-426C-AEB2-2A65E3351AC1}.Debug|Any CPU.Build.0 = Debug|Any CPU
		{A8B6AFD0-C99E-426C-AEB2-2A65E3351AC1}.Release|Any CPU.ActiveCfg = Release|Any CPU
		{A8B6AFD0-C99E-426C-AEB2-2A65E3351AC1}.Release|Any CPU.Build.0 = Release|Any CPU
		{73A3B7D8-3BAC-40B3-91FD-DDD7E9E6510A}.Debug|Any CPU.ActiveCfg = Debug|Any CPU
		{73A3B7D8-3BAC-40B3-91FD-DDD7E9E6510A}.Debug|Any CPU.Build.0 = Debug|Any CPU
		{73A3B7D8-3BAC-40B3-91FD-DDD7E9E6510A}.Release|Any CPU.ActiveCfg = Release|Any CPU
		{73A3B7D8-3BAC-40B3-91FD-DDD7E9E6510A}.Release|Any CPU.Build.0 = Release|Any CPU
		{233D029D-AD4B-4C29-9785-EFB01380258D}.Debug|Any CPU.ActiveCfg = Debug|Any CPU
		{233D029D-AD4B-4C29-9785-EFB01380258D}.Debug|Any CPU.Build.0 = Debug|Any CPU
		{233D029D-AD4B-4C29-9785-EFB01380258D}.Release|Any CPU.ActiveCfg = Release|Any CPU
		{233D029D-AD4B-4C29-9785-EFB01380258D}.Release|Any CPU.Build.0 = Release|Any CPU
		{FC960727-716F-4E23-BD36-0B3CD52B1965}.Debug|Any CPU.ActiveCfg = Debug|Any CPU
		{FC960727-716F-4E23-BD36-0B3CD52B1965}.Debug|Any CPU.Build.0 = Debug|Any CPU
		{FC960727-716F-4E23-BD36-0B3CD52B1965}.Release|Any CPU.ActiveCfg = Release|Any CPU
		{FC960727-716F-4E23-BD36-0B3CD52B1965}.Release|Any CPU.Build.0 = Release|Any CPU
		{2540377F-A3C1-4D35-B7C4-2C7F2D4F4113}.Debug|Any CPU.ActiveCfg = Debug|Any CPU
		{2540377F-A3C1-4D35-B7C4-2C7F2D4F4113}.Debug|Any CPU.Build.0 = Debug|Any CPU
		{2540377F-A3C1-4D35-B7C4-2C7F2D4F4113}.Release|Any CPU.ActiveCfg = Release|Any CPU
		{2540377F-A3C1-4D35-B7C4-2C7F2D4F4113}.Release|Any CPU.Build.0 = Release|Any CPU
		{C37CC963-8C94-4159-AC85-48FE9A01EE84}.Debug|Any CPU.ActiveCfg = Debug|Any CPU
		{C37CC963-8C94-4159-AC85-48FE9A01EE84}.Debug|Any CPU.Build.0 = Debug|Any CPU
		{C37CC963-8C94-4159-AC85-48FE9A01EE84}.Release|Any CPU.ActiveCfg = Release|Any CPU
		{C37CC963-8C94-4159-AC85-48FE9A01EE84}.Release|Any CPU.Build.0 = Release|Any CPU
		{583D41E9-4B69-4E7E-A9FD-237DB325A823}.Debug|Any CPU.ActiveCfg = Debug|Any CPU
		{583D41E9-4B69-4E7E-A9FD-237DB325A823}.Debug|Any CPU.Build.0 = Debug|Any CPU
		{583D41E9-4B69-4E7E-A9FD-237DB325A823}.Release|Any CPU.ActiveCfg = Release|Any CPU
		{583D41E9-4B69-4E7E-A9FD-237DB325A823}.Release|Any CPU.Build.0 = Release|Any CPU
		{3C614313-B953-41FF-B7BD-109A68ED81F7}.Debug|Any CPU.ActiveCfg = Debug|Any CPU
		{3C614313-B953-41FF-B7BD-109A68ED81F7}.Debug|Any CPU.Build.0 = Debug|Any CPU
		{3C614313-B953-41FF-B7BD-109A68ED81F7}.Release|Any CPU.ActiveCfg = Release|Any CPU
		{3C614313-B953-41FF-B7BD-109A68ED81F7}.Release|Any CPU.Build.0 = Release|Any CPU
		{B263540C-852C-43A8-9C21-205F5D8D7F9C}.Debug|Any CPU.ActiveCfg = Debug|Any CPU
		{B263540C-852C-43A8-9C21-205F5D8D7F9C}.Debug|Any CPU.Build.0 = Debug|Any CPU
		{B263540C-852C-43A8-9C21-205F5D8D7F9C}.Release|Any CPU.ActiveCfg = Release|Any CPU
		{B263540C-852C-43A8-9C21-205F5D8D7F9C}.Release|Any CPU.Build.0 = Release|Any CPU
		{CE7793DD-46DC-4AA5-80A1-4FFE29BF60C2}.Debug|Any CPU.ActiveCfg = Debug|Any CPU
		{CE7793DD-46DC-4AA5-80A1-4FFE29BF60C2}.Debug|Any CPU.Build.0 = Debug|Any CPU
		{CE7793DD-46DC-4AA5-80A1-4FFE29BF60C2}.Release|Any CPU.ActiveCfg = Release|Any CPU
		{CE7793DD-46DC-4AA5-80A1-4FFE29BF60C2}.Release|Any CPU.Build.0 = Release|Any CPU
		{B21ADCA3-AF15-4ABF-980D-F364B2364996}.Debug|Any CPU.ActiveCfg = Debug|Any CPU
		{B21ADCA3-AF15-4ABF-980D-F364B2364996}.Debug|Any CPU.Build.0 = Debug|Any CPU
		{B21ADCA3-AF15-4ABF-980D-F364B2364996}.Release|Any CPU.ActiveCfg = Release|Any CPU
		{B21ADCA3-AF15-4ABF-980D-F364B2364996}.Release|Any CPU.Build.0 = Release|Any CPU
		{F185CE09-FD3A-4848-A9C4-0FC9941A735C}.Debug|Any CPU.ActiveCfg = Debug|Any CPU
		{F185CE09-FD3A-4848-A9C4-0FC9941A735C}.Debug|Any CPU.Build.0 = Debug|Any CPU
		{F185CE09-FD3A-4848-A9C4-0FC9941A735C}.Release|Any CPU.ActiveCfg = Release|Any CPU
		{F185CE09-FD3A-4848-A9C4-0FC9941A735C}.Release|Any CPU.Build.0 = Release|Any CPU
		{9AB8229A-7889-4ADA-B0D4-159F0827DDBE}.Debug|Any CPU.ActiveCfg = Debug|Any CPU
		{9AB8229A-7889-4ADA-B0D4-159F0827DDBE}.Debug|Any CPU.Build.0 = Debug|Any CPU
		{9AB8229A-7889-4ADA-B0D4-159F0827DDBE}.Release|Any CPU.ActiveCfg = Release|Any CPU
		{9AB8229A-7889-4ADA-B0D4-159F0827DDBE}.Release|Any CPU.Build.0 = Release|Any CPU
		{BB4BE1FB-8CB5-4617-A31A-96555B5278F9}.Debug|Any CPU.ActiveCfg = Debug|Any CPU
		{BB4BE1FB-8CB5-4617-A31A-96555B5278F9}.Debug|Any CPU.Build.0 = Debug|Any CPU
		{BB4BE1FB-8CB5-4617-A31A-96555B5278F9}.Release|Any CPU.ActiveCfg = Release|Any CPU
		{BB4BE1FB-8CB5-4617-A31A-96555B5278F9}.Release|Any CPU.Build.0 = Release|Any CPU
		{2CB432FA-F746-4D9F-A59E-EE9551981D90}.Debug|Any CPU.ActiveCfg = Debug|Any CPU
		{2CB432FA-F746-4D9F-A59E-EE9551981D90}.Debug|Any CPU.Build.0 = Debug|Any CPU
		{2CB432FA-F746-4D9F-A59E-EE9551981D90}.Release|Any CPU.ActiveCfg = Release|Any CPU
		{2CB432FA-F746-4D9F-A59E-EE9551981D90}.Release|Any CPU.Build.0 = Release|Any CPU
		{0EA4F68A-5C43-4DED-BA11-0E5668E5B705}.Debug|Any CPU.ActiveCfg = Debug|Any CPU
		{0EA4F68A-5C43-4DED-BA11-0E5668E5B705}.Debug|Any CPU.Build.0 = Debug|Any CPU
		{0EA4F68A-5C43-4DED-BA11-0E5668E5B705}.Release|Any CPU.ActiveCfg = Release|Any CPU
		{0EA4F68A-5C43-4DED-BA11-0E5668E5B705}.Release|Any CPU.Build.0 = Release|Any CPU
		{FCB945AE-61B6-4D3B-B100-BB3BE3BCE4BE}.Debug|Any CPU.ActiveCfg = Debug|Any CPU
		{FCB945AE-61B6-4D3B-B100-BB3BE3BCE4BE}.Debug|Any CPU.Build.0 = Debug|Any CPU
		{FCB945AE-61B6-4D3B-B100-BB3BE3BCE4BE}.Release|Any CPU.ActiveCfg = Release|Any CPU
		{FCB945AE-61B6-4D3B-B100-BB3BE3BCE4BE}.Release|Any CPU.Build.0 = Release|Any CPU
		{4715B87F-EBAB-4A8A-9B2C-ED226752321E}.Debug|Any CPU.ActiveCfg = Debug|Any CPU
		{4715B87F-EBAB-4A8A-9B2C-ED226752321E}.Debug|Any CPU.Build.0 = Debug|Any CPU
		{4715B87F-EBAB-4A8A-9B2C-ED226752321E}.Release|Any CPU.ActiveCfg = Release|Any CPU
		{4715B87F-EBAB-4A8A-9B2C-ED226752321E}.Release|Any CPU.Build.0 = Release|Any CPU
		{2C2E96FF-BAA6-40AE-87B4-A2FD8213691F}.Debug|Any CPU.ActiveCfg = Debug|Any CPU
		{2C2E96FF-BAA6-40AE-87B4-A2FD8213691F}.Debug|Any CPU.Build.0 = Debug|Any CPU
		{2C2E96FF-BAA6-40AE-87B4-A2FD8213691F}.Release|Any CPU.ActiveCfg = Release|Any CPU
		{2C2E96FF-BAA6-40AE-87B4-A2FD8213691F}.Release|Any CPU.Build.0 = Release|Any CPU
		{EBB027D9-C7FF-4E76-A1B7-3819C044DD3C}.Debug|Any CPU.ActiveCfg = Debug|Any CPU
		{EBB027D9-C7FF-4E76-A1B7-3819C044DD3C}.Debug|Any CPU.Build.0 = Debug|Any CPU
		{EBB027D9-C7FF-4E76-A1B7-3819C044DD3C}.Release|Any CPU.ActiveCfg = Release|Any CPU
		{EBB027D9-C7FF-4E76-A1B7-3819C044DD3C}.Release|Any CPU.Build.0 = Release|Any CPU
		{74593A4A-3074-4BDA-ADB0-A8B9F1F5B74B}.Debug|Any CPU.ActiveCfg = Debug|Any CPU
		{74593A4A-3074-4BDA-ADB0-A8B9F1F5B74B}.Debug|Any CPU.Build.0 = Debug|Any CPU
		{74593A4A-3074-4BDA-ADB0-A8B9F1F5B74B}.Release|Any CPU.ActiveCfg = Release|Any CPU
		{74593A4A-3074-4BDA-ADB0-A8B9F1F5B74B}.Release|Any CPU.Build.0 = Release|Any CPU
		{2079EEAD-E561-4EFB-B47F-089878FAFAED}.Debug|Any CPU.ActiveCfg = Debug|Any CPU
		{2079EEAD-E561-4EFB-B47F-089878FAFAED}.Debug|Any CPU.Build.0 = Debug|Any CPU
		{2079EEAD-E561-4EFB-B47F-089878FAFAED}.Release|Any CPU.ActiveCfg = Release|Any CPU
		{2079EEAD-E561-4EFB-B47F-089878FAFAED}.Release|Any CPU.Build.0 = Release|Any CPU
		{A96BD5C7-76E2-404E-8C55-36FEF262FE56}.Debug|Any CPU.ActiveCfg = Debug|Any CPU
		{A96BD5C7-76E2-404E-8C55-36FEF262FE56}.Debug|Any CPU.Build.0 = Debug|Any CPU
		{A96BD5C7-76E2-404E-8C55-36FEF262FE56}.Release|Any CPU.ActiveCfg = Release|Any CPU
		{A96BD5C7-76E2-404E-8C55-36FEF262FE56}.Release|Any CPU.Build.0 = Release|Any CPU
		{C681659B-C012-4380-8114-3050F95E5FC4}.Debug|Any CPU.ActiveCfg = Debug|Any CPU
		{C681659B-C012-4380-8114-3050F95E5FC4}.Debug|Any CPU.Build.0 = Debug|Any CPU
		{C681659B-C012-4380-8114-3050F95E5FC4}.Release|Any CPU.ActiveCfg = Release|Any CPU
		{C681659B-C012-4380-8114-3050F95E5FC4}.Release|Any CPU.Build.0 = Release|Any CPU
		{F18469DB-7972-45C8-8A3E-5BFDAA8AA888}.Debug|Any CPU.ActiveCfg = Debug|Any CPU
		{F18469DB-7972-45C8-8A3E-5BFDAA8AA888}.Debug|Any CPU.Build.0 = Debug|Any CPU
		{F18469DB-7972-45C8-8A3E-5BFDAA8AA888}.Release|Any CPU.ActiveCfg = Release|Any CPU
		{F18469DB-7972-45C8-8A3E-5BFDAA8AA888}.Release|Any CPU.Build.0 = Release|Any CPU
		{BEB070A7-D38C-43F0-93EA-ED1C2980E8B3}.Debug|Any CPU.ActiveCfg = Debug|Any CPU
		{BEB070A7-D38C-43F0-93EA-ED1C2980E8B3}.Debug|Any CPU.Build.0 = Debug|Any CPU
		{BEB070A7-D38C-43F0-93EA-ED1C2980E8B3}.Release|Any CPU.ActiveCfg = Release|Any CPU
		{BEB070A7-D38C-43F0-93EA-ED1C2980E8B3}.Release|Any CPU.Build.0 = Release|Any CPU
		{D85DAC0A-4A15-4DF3-A6C8-9DC722DD43BE}.Debug|Any CPU.ActiveCfg = Debug|Any CPU
		{D85DAC0A-4A15-4DF3-A6C8-9DC722DD43BE}.Debug|Any CPU.Build.0 = Debug|Any CPU
		{D85DAC0A-4A15-4DF3-A6C8-9DC722DD43BE}.Release|Any CPU.ActiveCfg = Release|Any CPU
		{D85DAC0A-4A15-4DF3-A6C8-9DC722DD43BE}.Release|Any CPU.Build.0 = Release|Any CPU
		{97269F3E-0262-4CC9-B81E-7D238C3304A1}.Debug|Any CPU.ActiveCfg = Debug|Any CPU
		{97269F3E-0262-4CC9-B81E-7D238C3304A1}.Debug|Any CPU.Build.0 = Debug|Any CPU
		{97269F3E-0262-4CC9-B81E-7D238C3304A1}.Release|Any CPU.ActiveCfg = Release|Any CPU
		{97269F3E-0262-4CC9-B81E-7D238C3304A1}.Release|Any CPU.Build.0 = Release|Any CPU
	EndGlobalSection
	GlobalSection(SolutionProperties) = preSolution
		HideSolutionNode = FALSE
	EndGlobalSection
	GlobalSection(ExtensibilityGlobals) = postSolution
		SolutionGuid = {0706B90C-4BE7-4472-8945-1E1405F1666C}
	EndGlobalSection
EndGlobal
