
Microsoft Visual Studio Solution File, Format Version 12.00
# Visual Studio Version 16
VisualStudioVersion = 16.0.30413.136
MinimumVisualStudioVersion = 10.0.40219.1
Project("{FAE04EC0-301F-11D3-BF4B-00C04F79EFBC}") = "CH01_01.CustomTypes", "CH01.CustomTypes\CH01_01.CustomTypes.csproj", "{2B274AAA-2C98-4EE2-ACAA-56466EF61CDF}"
EndProject
Project("{FAE04EC0-301F-11D3-BF4B-00C04F79EFBC}") = "CH01_02.DependencyProperties", "CH01.DependencyProperties\CH01_02.DependencyProperties.csproj", "{B7E1E6E2-993F-4643-B230-C3E0391CA194}"
EndProject
Project("{FAE04EC0-301F-11D3-BF4B-00C04F79EFBC}") = "CH01_03.SimpleAttached", "CH01.SimpleAttached\CH01_03.SimpleAttached.csproj", "{2B999BF5-1D62-45AC-B2FB-12BD531DC601}"
EndProject
Project("{FAE04EC0-301F-11D3-BF4B-00C04F79EFBC}") = "CH01_04.CustomAttached", "CH01.CustomAttached\CH01_04.CustomAttached.csproj", "{B6691F82-D2AD-41CE-9CA7-E9AEEDBBF21A}"
EndProject
Project("{FAE04EC0-301F-11D3-BF4B-00C04F79EFBC}") = "CH01_05.StaticProperties", "CH01_05.StaticProperties\CH01_05.StaticProperties.csproj", "{1A0EA7A3-49E1-44AD-8310-21C14ACA076D}"
EndProject
Project("{FAE04EC0-301F-11D3-BF4B-00C04F79EFBC}") = "CH01_06.TestRandom", "CH1_06.CustomMarkupExtension\CH01_06.TestRandom.csproj", "{C15BC579-F84D-4DDF-8B2A-3DDEEAE92E40}"
EndProject
Project("{FAE04EC0-301F-11D3-BF4B-00C04F79EFBC}") = "CH01_06.CustomMarkupExtensionLib", "CH01_06.CustomerMarkupExtensionLib\CH01_06.CustomMarkupExtensionLib.csproj", "{5BFAAE0A-A57D-4EAE-8D95-A93743FB8163}"
EndProject
Project("{FAE04EC0-301F-11D3-BF4B-00C04F79EFBC}") = "CH01_07.SimpleDraw", "CH01_07.SimpleDraw\CH01_07.SimpleDraw.csproj", "{4DB7371C-4D8D-479F-8A64-5CCB2B648298}"
EndProject
Project("{FAE04EC0-301F-11D3-BF4B-00C04F79EFBC}") = "CH02_01.SimpleResources", "CH02_01.SimpleResources\CH02_01.SimpleResources.csproj", "{E0B8E873-4AA5-48BC-A2AD-9C98237ECE2A}"
EndProject
Project("{FAE04EC0-301F-11D3-BF4B-00C04F79EFBC}") = "CH02_02.DynamicVsStatic", "CH02_02.DynamicVsStatic\CH02_02.DynamicVsStatic.csproj", "{44079C13-AC88-4165-AB3C-56B160F32D54}"
EndProject
Project("{FAE04EC0-301F-11D3-BF4B-00C04F79EFBC}") = "CH02_03.UserSelectedColorsFonts", "CH02_03.UserSelectedColorsFonts\CH02_03.UserSelectedColorsFonts.csproj", "{690F8906-0C3B-4C0A-9072-5B7888424A0F}"
EndProject
Project("{FAE04EC0-301F-11D3-BF4B-00C04F79EFBC}") = "CH02_04.BinaryResources", "CH02_04.BinaryResources\CH02_04.BinaryResources.csproj", "{F6810CF6-1EFE-449B-86A1-70DC5E9FACBC}"
EndProject
Project("{FAE04EC0-301F-11D3-BF4B-00C04F79EFBC}") = "CH02_05.BinaryResourcesInCode", "CH02_05.BinaryResourcesInCode\CH02_05.BinaryResourcesInCode.csproj", "{FFB61096-8D3A-4B79-9DF4-4735D6574D86}"
EndProject
Project("{FAE04EC0-301F-11D3-BF4B-00C04F79EFBC}") = "CH02_06.ClassLibraryResources", "CH02_06.ClassLibraryResources\CH02_06.ClassLibraryResources.csproj", "{65B7672A-737D-4561-8C38-B2E766BFDD2F}"
EndProject
Project("{FAE04EC0-301F-11D3-BF4B-00C04F79EFBC}") = "CH02_06.UsingLibraryResources", "CH02_06.UsingLibraryResources\CH02_06.UsingLibraryResources.csproj", "{F18944B2-974B-4F14-B18E-4B95527A54A6}"
EndProject
Project("{FAE04EC0-301F-11D3-BF4B-00C04F79EFBC}") = "CH02_07.ManagingResources", "CH02_07.ManagingResources\CH02_07.ManagingResources.csproj", "{6D989638-BCC8-41FA-B04D-51F181711F4B}"
EndProject
Global
	GlobalSection(SolutionConfigurationPlatforms) = preSolution
		Debug|Any CPU = Debug|Any CPU
		Release|Any CPU = Release|Any CPU
	EndGlobalSection
	GlobalSection(ProjectConfigurationPlatforms) = postSolution
		{2B274AAA-2C98-4EE2-ACAA-56466EF61CDF}.Debug|Any CPU.ActiveCfg = Debug|Any CPU
		{2B274AAA-2C98-4EE2-ACAA-56466EF61CDF}.Debug|Any CPU.Build.0 = Debug|Any CPU
		{2B274AAA-2C98-4EE2-ACAA-56466EF61CDF}.Release|Any CPU.ActiveCfg = Release|Any CPU
		{2B274AAA-2C98-4EE2-ACAA-56466EF61CDF}.Release|Any CPU.Build.0 = Release|Any CPU
		{B7E1E6E2-993F-4643-B230-C3E0391CA194}.Debug|Any CPU.ActiveCfg = Debug|Any CPU
		{B7E1E6E2-993F-4643-B230-C3E0391CA194}.Debug|Any CPU.Build.0 = Debug|Any CPU
		{B7E1E6E2-993F-4643-B230-C3E0391CA194}.Release|Any CPU.ActiveCfg = Release|Any CPU
		{B7E1E6E2-993F-4643-B230-C3E0391CA194}.Release|Any CPU.Build.0 = Release|Any CPU
		{2B999BF5-1D62-45AC-B2FB-12BD531DC601}.Debug|Any CPU.ActiveCfg = Debug|Any CPU
		{2B999BF5-1D62-45AC-B2FB-12BD531DC601}.Debug|Any CPU.Build.0 = Debug|Any CPU
		{2B999BF5-1D62-45AC-B2FB-12BD531DC601}.Release|Any CPU.ActiveCfg = Release|Any CPU
		{2B999BF5-1D62-45AC-B2FB-12BD531DC601}.Release|Any CPU.Build.0 = Release|Any CPU
		{B6691F82-D2AD-41CE-9CA7-E9AEEDBBF21A}.Debug|Any CPU.ActiveCfg = Debug|Any CPU
		{B6691F82-D2AD-41CE-9CA7-E9AEEDBBF21A}.Debug|Any CPU.Build.0 = Debug|Any CPU
		{B6691F82-D2AD-41CE-9CA7-E9AEEDBBF21A}.Release|Any CPU.ActiveCfg = Release|Any CPU
		{B6691F82-D2AD-41CE-9CA7-E9AEEDBBF21A}.Release|Any CPU.Build.0 = Release|Any CPU
		{1A0EA7A3-49E1-44AD-8310-21C14ACA076D}.Debug|Any CPU.ActiveCfg = Debug|Any CPU
		{1A0EA7A3-49E1-44AD-8310-21C14ACA076D}.Debug|Any CPU.Build.0 = Debug|Any CPU
		{1A0EA7A3-49E1-44AD-8310-21C14ACA076D}.Release|Any CPU.ActiveCfg = Release|Any CPU
		{1A0EA7A3-49E1-44AD-8310-21C14ACA076D}.Release|Any CPU.Build.0 = Release|Any CPU
		{C15BC579-F84D-4DDF-8B2A-3DDEEAE92E40}.Debug|Any CPU.ActiveCfg = Debug|Any CPU
		{C15BC579-F84D-4DDF-8B2A-3DDEEAE92E40}.Debug|Any CPU.Build.0 = Debug|Any CPU
		{C15BC579-F84D-4DDF-8B2A-3DDEEAE92E40}.Release|Any CPU.ActiveCfg = Release|Any CPU
		{C15BC579-F84D-4DDF-8B2A-3DDEEAE92E40}.Release|Any CPU.Build.0 = Release|Any CPU
		{5BFAAE0A-A57D-4EAE-8D95-A93743FB8163}.Debug|Any CPU.ActiveCfg = Debug|Any CPU
		{5BFAAE0A-A57D-4EAE-8D95-A93743FB8163}.Debug|Any CPU.Build.0 = Debug|Any CPU
		{5BFAAE0A-A57D-4EAE-8D95-A93743FB8163}.Release|Any CPU.ActiveCfg = Release|Any CPU
		{5BFAAE0A-A57D-4EAE-8D95-A93743FB8163}.Release|Any CPU.Build.0 = Release|Any CPU
		{4DB7371C-4D8D-479F-8A64-5CCB2B648298}.Debug|Any CPU.ActiveCfg = Debug|Any CPU
		{4DB7371C-4D8D-479F-8A64-5CCB2B648298}.Debug|Any CPU.Build.0 = Debug|Any CPU
		{4DB7371C-4D8D-479F-8A64-5CCB2B648298}.Release|Any CPU.ActiveCfg = Release|Any CPU
		{4DB7371C-4D8D-479F-8A64-5CCB2B648298}.Release|Any CPU.Build.0 = Release|Any CPU
		{E0B8E873-4AA5-48BC-A2AD-9C98237ECE2A}.Debug|Any CPU.ActiveCfg = Debug|Any CPU
		{E0B8E873-4AA5-48BC-A2AD-9C98237ECE2A}.Debug|Any CPU.Build.0 = Debug|Any CPU
		{E0B8E873-4AA5-48BC-A2AD-9C98237ECE2A}.Release|Any CPU.ActiveCfg = Release|Any CPU
		{E0B8E873-4AA5-48BC-A2AD-9C98237ECE2A}.Release|Any CPU.Build.0 = Release|Any CPU
		{44079C13-AC88-4165-AB3C-56B160F32D54}.Debug|Any CPU.ActiveCfg = Debug|Any CPU
		{44079C13-AC88-4165-AB3C-56B160F32D54}.Debug|Any CPU.Build.0 = Debug|Any CPU
		{44079C13-AC88-4165-AB3C-56B160F32D54}.Release|Any CPU.ActiveCfg = Release|Any CPU
		{44079C13-AC88-4165-AB3C-56B160F32D54}.Release|Any CPU.Build.0 = Release|Any CPU
		{690F8906-0C3B-4C0A-9072-5B7888424A0F}.Debug|Any CPU.ActiveCfg = Debug|Any CPU
		{690F8906-0C3B-4C0A-9072-5B7888424A0F}.Debug|Any CPU.Build.0 = Debug|Any CPU
		{690F8906-0C3B-4C0A-9072-5B7888424A0F}.Release|Any CPU.ActiveCfg = Release|Any CPU
		{690F8906-0C3B-4C0A-9072-5B7888424A0F}.Release|Any CPU.Build.0 = Release|Any CPU
		{F6810CF6-1EFE-449B-86A1-70DC5E9FACBC}.Debug|Any CPU.ActiveCfg = Debug|Any CPU
		{F6810CF6-1EFE-449B-86A1-70DC5E9FACBC}.Debug|Any CPU.Build.0 = Debug|Any CPU
		{F6810CF6-1EFE-449B-86A1-70DC5E9FACBC}.Release|Any CPU.ActiveCfg = Release|Any CPU
		{F6810CF6-1EFE-449B-86A1-70DC5E9FACBC}.Release|Any CPU.Build.0 = Release|Any CPU
		{FFB61096-8D3A-4B79-9DF4-4735D6574D86}.Debug|Any CPU.ActiveCfg = Debug|Any CPU
		{FFB61096-8D3A-4B79-9DF4-4735D6574D86}.Debug|Any CPU.Build.0 = Debug|Any CPU
		{FFB61096-8D3A-4B79-9DF4-4735D6574D86}.Release|Any CPU.ActiveCfg = Release|Any CPU
		{FFB61096-8D3A-4B79-9DF4-4735D6574D86}.Release|Any CPU.Build.0 = Release|Any CPU
		{65B7672A-737D-4561-8C38-B2E766BFDD2F}.Debug|Any CPU.ActiveCfg = Debug|Any CPU
		{65B7672A-737D-4561-8C38-B2E766BFDD2F}.Debug|Any CPU.Build.0 = Debug|Any CPU
		{65B7672A-737D-4561-8C38-B2E766BFDD2F}.Release|Any CPU.ActiveCfg = Release|Any CPU
		{65B7672A-737D-4561-8C38-B2E766BFDD2F}.Release|Any CPU.Build.0 = Release|Any CPU
		{F18944B2-974B-4F14-B18E-4B95527A54A6}.Debug|Any CPU.ActiveCfg = Debug|Any CPU
		{F18944B2-974B-4F14-B18E-4B95527A54A6}.Debug|Any CPU.Build.0 = Debug|Any CPU
		{F18944B2-974B-4F14-B18E-4B95527A54A6}.Release|Any CPU.ActiveCfg = Release|Any CPU
		{F18944B2-974B-4F14-B18E-4B95527A54A6}.Release|Any CPU.Build.0 = Release|Any CPU
		{6D989638-BCC8-41FA-B04D-51F181711F4B}.Debug|Any CPU.ActiveCfg = Debug|Any CPU
		{6D989638-BCC8-41FA-B04D-51F181711F4B}.Debug|Any CPU.Build.0 = Debug|Any CPU
		{6D989638-BCC8-41FA-B04D-51F181711F4B}.Release|Any CPU.ActiveCfg = Release|Any CPU
		{6D989638-BCC8-41FA-B04D-51F181711F4B}.Release|Any CPU.Build.0 = Release|Any CPU
	EndGlobalSection
	GlobalSection(SolutionProperties) = preSolution
		HideSolutionNode = FALSE
	EndGlobalSection
	GlobalSection(ExtensibilityGlobals) = postSolution
		SolutionGuid = {0706B90C-4BE7-4472-8945-1E1405F1666C}
	EndGlobalSection
EndGlobal
